
Microsoft Visual Studio Solution File, Format Version 12.00
# Visual Studio Version 16
VisualStudioVersion = 16.0.30011.22
MinimumVisualStudioVersion = 10.0.40219.1
Project("{2150E333-8FDC-42A3-9474-1A3956D46DE8}") = "01-WebAPI", "01-WebAPI", "{F51BDDF5-940B-4123-B59A-EB17F6D82914}"
EndProject
Project("{2150E333-8FDC-42A3-9474-1A3956D46DE8}") = "02-Domain", "02-Domain", "{35020BD9-BD5E-4F50-8DBD-A44F6E3A8D43}"
EndProject
Project("{2150E333-8FDC-42A3-9474-1A3956D46DE8}") = "03-Infra", "03-Infra", "{24DA0FCE-C19A-4ACA-A18D-448078E6E53C}"
EndProject
Project("{2150E333-8FDC-42A3-9474-1A3956D46DE8}") = "04-ExternalProjects", "04-ExternalProjects", "{E6A74E0D-375D-4665-85CF-4518BA904D47}"
EndProject
Project("{2150E333-8FDC-42A3-9474-1A3956D46DE8}") = "05-Tests", "05-Tests", "{E14373F0-6A98-4823-9961-A55A08FABFA0}"
EndProject
Project("{9A19103F-16F7-4668-BE54-9A1E7A4F7556}") = "Agilis.Domain", "src\Agilis.Domain\Agilis.Domain.csproj", "{DBAB77AB-EA18-420A-88B7-3EE815BB023C}"
EndProject
Project("{9A19103F-16F7-4668-BE54-9A1E7A4F7556}") = "DDS.Domain.Core", "..\..\DDS.Domain.Core\src\DDS.Domain.Core\DDS.Domain.Core.csproj", "{A454C7FA-15CF-49C4-AF68-28AD58AE6F71}"
EndProject
Project("{FAE04EC0-301F-11D3-BF4B-00C04F79EFBC}") = "Agilis.WebAPI", "src\Agilis.WebAPI\Agilis.WebAPI.csproj", "{C05A7702-B6DF-4686-9364-AD3CC1D34B9B}"
EndProject
Project("{9A19103F-16F7-4668-BE54-9A1E7A4F7556}") = "DDS.WebAPI", "..\..\DDS.WebAPI\src\DDS.WebAPI\DDS.WebAPI.csproj", "{FA2FD019-4849-4D7F-B2DB-49C4A1D2BE10}"
EndProject
Project("{FAE04EC0-301F-11D3-BF4B-00C04F79EFBC}") = "Agilis.Infra.Data", "src\Agilis.Infra.Data\Agilis.Infra.Data.csproj", "{CF16A9DC-068E-4795-A145-22EED00279C2}"
EndProject
Project("{9A19103F-16F7-4668-BE54-9A1E7A4F7556}") = "DDS.Infra.Data.Mongo", "..\..\DDS.Infra.Data.Mongo\DDS.Infra.Data.Mongo\DDS.Infra.Data.Mongo.csproj", "{C98B781F-FEC1-475E-8356-0C5DD1F3E326}"
EndProject
Global
	GlobalSection(SolutionConfigurationPlatforms) = preSolution
		Debug|Any CPU = Debug|Any CPU
		Release|Any CPU = Release|Any CPU
	EndGlobalSection
	GlobalSection(ProjectConfigurationPlatforms) = postSolution
		{DBAB77AB-EA18-420A-88B7-3EE815BB023C}.Debug|Any CPU.ActiveCfg = Debug|Any CPU
		{DBAB77AB-EA18-420A-88B7-3EE815BB023C}.Debug|Any CPU.Build.0 = Debug|Any CPU
		{DBAB77AB-EA18-420A-88B7-3EE815BB023C}.Release|Any CPU.ActiveCfg = Release|Any CPU
		{DBAB77AB-EA18-420A-88B7-3EE815BB023C}.Release|Any CPU.Build.0 = Release|Any CPU
		{A454C7FA-15CF-49C4-AF68-28AD58AE6F71}.Debug|Any CPU.ActiveCfg = Debug|Any CPU
		{A454C7FA-15CF-49C4-AF68-28AD58AE6F71}.Debug|Any CPU.Build.0 = Debug|Any CPU
		{A454C7FA-15CF-49C4-AF68-28AD58AE6F71}.Release|Any CPU.ActiveCfg = Release|Any CPU
		{A454C7FA-15CF-49C4-AF68-28AD58AE6F71}.Release|Any CPU.Build.0 = Release|Any CPU
		{C05A7702-B6DF-4686-9364-AD3CC1D34B9B}.Debug|Any CPU.ActiveCfg = Debug|Any CPU
		{C05A7702-B6DF-4686-9364-AD3CC1D34B9B}.Debug|Any CPU.Build.0 = Debug|Any CPU
		{C05A7702-B6DF-4686-9364-AD3CC1D34B9B}.Release|Any CPU.ActiveCfg = Release|Any CPU
		{C05A7702-B6DF-4686-9364-AD3CC1D34B9B}.Release|Any CPU.Build.0 = Release|Any CPU
		{FA2FD019-4849-4D7F-B2DB-49C4A1D2BE10}.Debug|Any CPU.ActiveCfg = Debug|Any CPU
		{FA2FD019-4849-4D7F-B2DB-49C4A1D2BE10}.Debug|Any CPU.Build.0 = Debug|Any CPU
		{FA2FD019-4849-4D7F-B2DB-49C4A1D2BE10}.Release|Any CPU.ActiveCfg = Release|Any CPU
		{FA2FD019-4849-4D7F-B2DB-49C4A1D2BE10}.Release|Any CPU.Build.0 = Release|Any CPU
		{CF16A9DC-068E-4795-A145-22EED00279C2}.Debug|Any CPU.ActiveCfg = Debug|Any CPU
		{CF16A9DC-068E-4795-A145-22EED00279C2}.Debug|Any CPU.Build.0 = Debug|Any CPU
		{CF16A9DC-068E-4795-A145-22EED00279C2}.Release|Any CPU.ActiveCfg = Release|Any CPU
		{CF16A9DC-068E-4795-A145-22EED00279C2}.Release|Any CPU.Build.0 = Release|Any CPU
		{C98B781F-FEC1-475E-8356-0C5DD1F3E326}.Debug|Any CPU.ActiveCfg = Debug|Any CPU
		{C98B781F-FEC1-475E-8356-0C5DD1F3E326}.Debug|Any CPU.Build.0 = Debug|Any CPU
		{C98B781F-FEC1-475E-8356-0C5DD1F3E326}.Release|Any CPU.ActiveCfg = Release|Any CPU
		{C98B781F-FEC1-475E-8356-0C5DD1F3E326}.Release|Any CPU.Build.0 = Release|Any CPU
	EndGlobalSection
	GlobalSection(SolutionProperties) = preSolution
		HideSolutionNode = FALSE
	EndGlobalSection
	GlobalSection(NestedProjects) = preSolution
		{DBAB77AB-EA18-420A-88B7-3EE815BB023C} = {35020BD9-BD5E-4F50-8DBD-A44F6E3A8D43}
		{A454C7FA-15CF-49C4-AF68-28AD58AE6F71} = {E6A74E0D-375D-4665-85CF-4518BA904D47}
		{C05A7702-B6DF-4686-9364-AD3CC1D34B9B} = {F51BDDF5-940B-4123-B59A-EB17F6D82914}
		{FA2FD019-4849-4D7F-B2DB-49C4A1D2BE10} = {E6A74E0D-375D-4665-85CF-4518BA904D47}
		{CF16A9DC-068E-4795-A145-22EED00279C2} = {24DA0FCE-C19A-4ACA-A18D-448078E6E53C}
		{C98B781F-FEC1-475E-8356-0C5DD1F3E326} = {E6A74E0D-375D-4665-85CF-4518BA904D47}
	EndGlobalSection
	GlobalSection(ExtensibilityGlobals) = postSolution
		SolutionGuid = {5D1F5422-CB19-4C0A-85AC-7134E720B6CC}
	EndGlobalSection
EndGlobal
