
Microsoft Visual Studio Solution File, Format Version 12.00
# Visual Studio Version 17
VisualStudioVersion = 17.0.32014.148
MinimumVisualStudioVersion = 15.0.26124.0
Project("{9A19103F-16F7-4668-BE54-9A1E7A4F7556}") = "Agilis.WebAPI", "src\Agilis.WebAPI\Agilis.WebAPI.csproj", "{57672113-2234-4D5C-89E8-2DDC18E2967A}"
EndProject
Project("{9A19103F-16F7-4668-BE54-9A1E7A4F7556}") = "Agilis.Core.Domain", "src\Agilis.Core.Domain\Agilis.Core.Domain.csproj", "{ECF8E1A8-3A1B-4E0E-AD17-EF7A0F4EE08D}"
EndProject
Project("{9A19103F-16F7-4668-BE54-9A1E7A4F7556}") = "Agilis.Application", "src\Agilis.Application\Agilis.Application.csproj", "{D14B3AAC-18ED-4DB7-963A-935B444523F7}"
EndProject
Project("{9A19103F-16F7-4668-BE54-9A1E7A4F7556}") = "Agilis.Infra.CrossCutting.IoC", "src\Agilis.Infra.CrossCutting.IoC\Agilis.Infra.CrossCutting.IoC.csproj", "{3AC45C59-4AD7-4417-9742-C10A9353CD05}"
EndProject
Project("{2150E333-8FDC-42A3-9474-1A3956D46DE8}") = "API", "API", "{C07DC29F-C5C2-4E4F-B09A-344603878496}"
EndProject
Project("{9A19103F-16F7-4668-BE54-9A1E7A4F7556}") = "Agilis.Infra.Seguranca", "src\Agilis.Infra.Seguranca\Agilis.Infra.Seguranca.csproj", "{AE2836B5-338D-4C7D-B986-D6D42BFFF764}"
EndProject
Project("{9A19103F-16F7-4668-BE54-9A1E7A4F7556}") = "Agilis.Infra.Emails", "src\Agilis.Infra.Email\Agilis.Infra.Emails.csproj", "{E16C34AF-6E7C-4CD0-ADFF-5ACD9234B521}"
EndProject
Project("{2150E333-8FDC-42A3-9474-1A3956D46DE8}") = "Infra", "Infra", "{C31A9595-117E-4235-9C83-4D3150E6BF27}"
EndProject
Project("{2150E333-8FDC-42A3-9474-1A3956D46DE8}") = "Application", "Application", "{6CADE583-4352-4AF0-B9EC-1AC80BC3F766}"
EndProject
Project("{2150E333-8FDC-42A3-9474-1A3956D46DE8}") = "Domain", "Domain", "{EC57A89A-6F1E-47F1-8A2E-9A2D050C4F54}"
EndProject
Project("{2150E333-8FDC-42A3-9474-1A3956D46DE8}") = "ExternalServices", "ExternalServices", "{B9D3E35D-F4B8-4105-A5AA-A5CB17A1813F}"
EndProject
Project("{9A19103F-16F7-4668-BE54-9A1E7A4F7556}") = "DDS.Estatistica", "..\..\DDS.Estatistica\src\DDS.Estatistica\DDS.Estatistica.csproj", "{3C1705D4-4137-48AB-A168-AF1F257D46DB}"
EndProject
Project("{9A19103F-16F7-4668-BE54-9A1E7A4F7556}") = "DDS.Validacoes", "..\..\DDS.Validacoes\DDS.Validacoes\DDS.Validacoes.csproj", "{F9FE0A8E-3828-41A6-9EE5-A08C7727A102}"
EndProject
Project("{9A19103F-16F7-4668-BE54-9A1E7A4F7556}") = "Agilis.Infra.Data.SqlServer", "src\Agilis.Infra.Data.SqlServer\Agilis.Infra.Data.SqlServer.csproj", "{F7F8A5FD-0048-4B63-8E13-F945EAAA8044}"
EndProject
Global
	GlobalSection(SolutionConfigurationPlatforms) = preSolution
		Debug|Any CPU = Debug|Any CPU
		Debug|x64 = Debug|x64
		Debug|x86 = Debug|x86
		Release|Any CPU = Release|Any CPU
		Release|x64 = Release|x64
		Release|x86 = Release|x86
	EndGlobalSection
	GlobalSection(ProjectConfigurationPlatforms) = postSolution
		{57672113-2234-4D5C-89E8-2DDC18E2967A}.Debug|Any CPU.ActiveCfg = Debug|Any CPU
		{57672113-2234-4D5C-89E8-2DDC18E2967A}.Debug|Any CPU.Build.0 = Debug|Any CPU
		{57672113-2234-4D5C-89E8-2DDC18E2967A}.Debug|x64.ActiveCfg = Debug|Any CPU
		{57672113-2234-4D5C-89E8-2DDC18E2967A}.Debug|x64.Build.0 = Debug|Any CPU
		{57672113-2234-4D5C-89E8-2DDC18E2967A}.Debug|x86.ActiveCfg = Debug|Any CPU
		{57672113-2234-4D5C-89E8-2DDC18E2967A}.Debug|x86.Build.0 = Debug|Any CPU
		{57672113-2234-4D5C-89E8-2DDC18E2967A}.Release|Any CPU.ActiveCfg = Release|Any CPU
		{57672113-2234-4D5C-89E8-2DDC18E2967A}.Release|Any CPU.Build.0 = Release|Any CPU
		{57672113-2234-4D5C-89E8-2DDC18E2967A}.Release|x64.ActiveCfg = Release|Any CPU
		{57672113-2234-4D5C-89E8-2DDC18E2967A}.Release|x64.Build.0 = Release|Any CPU
		{57672113-2234-4D5C-89E8-2DDC18E2967A}.Release|x86.ActiveCfg = Release|Any CPU
		{57672113-2234-4D5C-89E8-2DDC18E2967A}.Release|x86.Build.0 = Release|Any CPU
		{ECF8E1A8-3A1B-4E0E-AD17-EF7A0F4EE08D}.Debug|Any CPU.ActiveCfg = Debug|Any CPU
		{ECF8E1A8-3A1B-4E0E-AD17-EF7A0F4EE08D}.Debug|Any CPU.Build.0 = Debug|Any CPU
		{ECF8E1A8-3A1B-4E0E-AD17-EF7A0F4EE08D}.Debug|x64.ActiveCfg = Debug|Any CPU
		{ECF8E1A8-3A1B-4E0E-AD17-EF7A0F4EE08D}.Debug|x64.Build.0 = Debug|Any CPU
		{ECF8E1A8-3A1B-4E0E-AD17-EF7A0F4EE08D}.Debug|x86.ActiveCfg = Debug|Any CPU
		{ECF8E1A8-3A1B-4E0E-AD17-EF7A0F4EE08D}.Debug|x86.Build.0 = Debug|Any CPU
		{ECF8E1A8-3A1B-4E0E-AD17-EF7A0F4EE08D}.Release|Any CPU.ActiveCfg = Release|Any CPU
		{ECF8E1A8-3A1B-4E0E-AD17-EF7A0F4EE08D}.Release|Any CPU.Build.0 = Release|Any CPU
		{ECF8E1A8-3A1B-4E0E-AD17-EF7A0F4EE08D}.Release|x64.ActiveCfg = Release|Any CPU
		{ECF8E1A8-3A1B-4E0E-AD17-EF7A0F4EE08D}.Release|x64.Build.0 = Release|Any CPU
		{ECF8E1A8-3A1B-4E0E-AD17-EF7A0F4EE08D}.Release|x86.ActiveCfg = Release|Any CPU
		{ECF8E1A8-3A1B-4E0E-AD17-EF7A0F4EE08D}.Release|x86.Build.0 = Release|Any CPU
		{D14B3AAC-18ED-4DB7-963A-935B444523F7}.Debug|Any CPU.ActiveCfg = Debug|Any CPU
		{D14B3AAC-18ED-4DB7-963A-935B444523F7}.Debug|Any CPU.Build.0 = Debug|Any CPU
		{D14B3AAC-18ED-4DB7-963A-935B444523F7}.Debug|x64.ActiveCfg = Debug|Any CPU
		{D14B3AAC-18ED-4DB7-963A-935B444523F7}.Debug|x64.Build.0 = Debug|Any CPU
		{D14B3AAC-18ED-4DB7-963A-935B444523F7}.Debug|x86.ActiveCfg = Debug|Any CPU
		{D14B3AAC-18ED-4DB7-963A-935B444523F7}.Debug|x86.Build.0 = Debug|Any CPU
		{D14B3AAC-18ED-4DB7-963A-935B444523F7}.Release|Any CPU.ActiveCfg = Release|Any CPU
		{D14B3AAC-18ED-4DB7-963A-935B444523F7}.Release|Any CPU.Build.0 = Release|Any CPU
		{D14B3AAC-18ED-4DB7-963A-935B444523F7}.Release|x64.ActiveCfg = Release|Any CPU
		{D14B3AAC-18ED-4DB7-963A-935B444523F7}.Release|x64.Build.0 = Release|Any CPU
		{D14B3AAC-18ED-4DB7-963A-935B444523F7}.Release|x86.ActiveCfg = Release|Any CPU
		{D14B3AAC-18ED-4DB7-963A-935B444523F7}.Release|x86.Build.0 = Release|Any CPU
		{3AC45C59-4AD7-4417-9742-C10A9353CD05}.Debug|Any CPU.ActiveCfg = Debug|Any CPU
		{3AC45C59-4AD7-4417-9742-C10A9353CD05}.Debug|Any CPU.Build.0 = Debug|Any CPU
		{3AC45C59-4AD7-4417-9742-C10A9353CD05}.Debug|x64.ActiveCfg = Debug|Any CPU
		{3AC45C59-4AD7-4417-9742-C10A9353CD05}.Debug|x64.Build.0 = Debug|Any CPU
		{3AC45C59-4AD7-4417-9742-C10A9353CD05}.Debug|x86.ActiveCfg = Debug|Any CPU
		{3AC45C59-4AD7-4417-9742-C10A9353CD05}.Debug|x86.Build.0 = Debug|Any CPU
		{3AC45C59-4AD7-4417-9742-C10A9353CD05}.Release|Any CPU.ActiveCfg = Release|Any CPU
		{3AC45C59-4AD7-4417-9742-C10A9353CD05}.Release|Any CPU.Build.0 = Release|Any CPU
		{3AC45C59-4AD7-4417-9742-C10A9353CD05}.Release|x64.ActiveCfg = Release|Any CPU
		{3AC45C59-4AD7-4417-9742-C10A9353CD05}.Release|x64.Build.0 = Release|Any CPU
		{3AC45C59-4AD7-4417-9742-C10A9353CD05}.Release|x86.ActiveCfg = Release|Any CPU
		{3AC45C59-4AD7-4417-9742-C10A9353CD05}.Release|x86.Build.0 = Release|Any CPU
		{AE2836B5-338D-4C7D-B986-D6D42BFFF764}.Debug|Any CPU.ActiveCfg = Debug|Any CPU
		{AE2836B5-338D-4C7D-B986-D6D42BFFF764}.Debug|Any CPU.Build.0 = Debug|Any CPU
		{AE2836B5-338D-4C7D-B986-D6D42BFFF764}.Debug|x64.ActiveCfg = Debug|Any CPU
		{AE2836B5-338D-4C7D-B986-D6D42BFFF764}.Debug|x64.Build.0 = Debug|Any CPU
		{AE2836B5-338D-4C7D-B986-D6D42BFFF764}.Debug|x86.ActiveCfg = Debug|Any CPU
		{AE2836B5-338D-4C7D-B986-D6D42BFFF764}.Debug|x86.Build.0 = Debug|Any CPU
		{AE2836B5-338D-4C7D-B986-D6D42BFFF764}.Release|Any CPU.ActiveCfg = Release|Any CPU
		{AE2836B5-338D-4C7D-B986-D6D42BFFF764}.Release|Any CPU.Build.0 = Release|Any CPU
		{AE2836B5-338D-4C7D-B986-D6D42BFFF764}.Release|x64.ActiveCfg = Release|Any CPU
		{AE2836B5-338D-4C7D-B986-D6D42BFFF764}.Release|x64.Build.0 = Release|Any CPU
		{AE2836B5-338D-4C7D-B986-D6D42BFFF764}.Release|x86.ActiveCfg = Release|Any CPU
		{AE2836B5-338D-4C7D-B986-D6D42BFFF764}.Release|x86.Build.0 = Release|Any CPU
		{E16C34AF-6E7C-4CD0-ADFF-5ACD9234B521}.Debug|Any CPU.ActiveCfg = Debug|Any CPU
		{E16C34AF-6E7C-4CD0-ADFF-5ACD9234B521}.Debug|Any CPU.Build.0 = Debug|Any CPU
		{E16C34AF-6E7C-4CD0-ADFF-5ACD9234B521}.Debug|x64.ActiveCfg = Debug|Any CPU
		{E16C34AF-6E7C-4CD0-ADFF-5ACD9234B521}.Debug|x64.Build.0 = Debug|Any CPU
		{E16C34AF-6E7C-4CD0-ADFF-5ACD9234B521}.Debug|x86.ActiveCfg = Debug|Any CPU
		{E16C34AF-6E7C-4CD0-ADFF-5ACD9234B521}.Debug|x86.Build.0 = Debug|Any CPU
		{E16C34AF-6E7C-4CD0-ADFF-5ACD9234B521}.Release|Any CPU.ActiveCfg = Release|Any CPU
		{E16C34AF-6E7C-4CD0-ADFF-5ACD9234B521}.Release|Any CPU.Build.0 = Release|Any CPU
		{E16C34AF-6E7C-4CD0-ADFF-5ACD9234B521}.Release|x64.ActiveCfg = Release|Any CPU
		{E16C34AF-6E7C-4CD0-ADFF-5ACD9234B521}.Release|x64.Build.0 = Release|Any CPU
		{E16C34AF-6E7C-4CD0-ADFF-5ACD9234B521}.Release|x86.ActiveCfg = Release|Any CPU
		{E16C34AF-6E7C-4CD0-ADFF-5ACD9234B521}.Release|x86.Build.0 = Release|Any CPU
		{3C1705D4-4137-48AB-A168-AF1F257D46DB}.Debug|Any CPU.ActiveCfg = Debug|Any CPU
		{3C1705D4-4137-48AB-A168-AF1F257D46DB}.Debug|Any CPU.Build.0 = Debug|Any CPU
		{3C1705D4-4137-48AB-A168-AF1F257D46DB}.Debug|x64.ActiveCfg = Debug|Any CPU
		{3C1705D4-4137-48AB-A168-AF1F257D46DB}.Debug|x64.Build.0 = Debug|Any CPU
		{3C1705D4-4137-48AB-A168-AF1F257D46DB}.Debug|x86.ActiveCfg = Debug|Any CPU
		{3C1705D4-4137-48AB-A168-AF1F257D46DB}.Debug|x86.Build.0 = Debug|Any CPU
		{3C1705D4-4137-48AB-A168-AF1F257D46DB}.Release|Any CPU.ActiveCfg = Release|Any CPU
		{3C1705D4-4137-48AB-A168-AF1F257D46DB}.Release|Any CPU.Build.0 = Release|Any CPU
		{3C1705D4-4137-48AB-A168-AF1F257D46DB}.Release|x64.ActiveCfg = Release|Any CPU
		{3C1705D4-4137-48AB-A168-AF1F257D46DB}.Release|x64.Build.0 = Release|Any CPU
		{3C1705D4-4137-48AB-A168-AF1F257D46DB}.Release|x86.ActiveCfg = Release|Any CPU
		{3C1705D4-4137-48AB-A168-AF1F257D46DB}.Release|x86.Build.0 = Release|Any CPU
		{F9FE0A8E-3828-41A6-9EE5-A08C7727A102}.Debug|Any CPU.ActiveCfg = Debug|Any CPU
		{F9FE0A8E-3828-41A6-9EE5-A08C7727A102}.Debug|Any CPU.Build.0 = Debug|Any CPU
		{F9FE0A8E-3828-41A6-9EE5-A08C7727A102}.Debug|x64.ActiveCfg = Debug|Any CPU
		{F9FE0A8E-3828-41A6-9EE5-A08C7727A102}.Debug|x64.Build.0 = Debug|Any CPU
		{F9FE0A8E-3828-41A6-9EE5-A08C7727A102}.Debug|x86.ActiveCfg = Debug|Any CPU
		{F9FE0A8E-3828-41A6-9EE5-A08C7727A102}.Debug|x86.Build.0 = Debug|Any CPU
		{F9FE0A8E-3828-41A6-9EE5-A08C7727A102}.Release|Any CPU.ActiveCfg = Release|Any CPU
		{F9FE0A8E-3828-41A6-9EE5-A08C7727A102}.Release|Any CPU.Build.0 = Release|Any CPU
		{F9FE0A8E-3828-41A6-9EE5-A08C7727A102}.Release|x64.ActiveCfg = Release|Any CPU
		{F9FE0A8E-3828-41A6-9EE5-A08C7727A102}.Release|x64.Build.0 = Release|Any CPU
		{F9FE0A8E-3828-41A6-9EE5-A08C7727A102}.Release|x86.ActiveCfg = Release|Any CPU
		{F9FE0A8E-3828-41A6-9EE5-A08C7727A102}.Release|x86.Build.0 = Release|Any CPU
		{F7F8A5FD-0048-4B63-8E13-F945EAAA8044}.Debug|Any CPU.ActiveCfg = Debug|Any CPU
		{F7F8A5FD-0048-4B63-8E13-F945EAAA8044}.Debug|Any CPU.Build.0 = Debug|Any CPU
		{F7F8A5FD-0048-4B63-8E13-F945EAAA8044}.Debug|x64.ActiveCfg = Debug|Any CPU
		{F7F8A5FD-0048-4B63-8E13-F945EAAA8044}.Debug|x64.Build.0 = Debug|Any CPU
		{F7F8A5FD-0048-4B63-8E13-F945EAAA8044}.Debug|x86.ActiveCfg = Debug|Any CPU
		{F7F8A5FD-0048-4B63-8E13-F945EAAA8044}.Debug|x86.Build.0 = Debug|Any CPU
		{F7F8A5FD-0048-4B63-8E13-F945EAAA8044}.Release|Any CPU.ActiveCfg = Release|Any CPU
		{F7F8A5FD-0048-4B63-8E13-F945EAAA8044}.Release|Any CPU.Build.0 = Release|Any CPU
		{F7F8A5FD-0048-4B63-8E13-F945EAAA8044}.Release|x64.ActiveCfg = Release|Any CPU
		{F7F8A5FD-0048-4B63-8E13-F945EAAA8044}.Release|x64.Build.0 = Release|Any CPU
		{F7F8A5FD-0048-4B63-8E13-F945EAAA8044}.Release|x86.ActiveCfg = Release|Any CPU
		{F7F8A5FD-0048-4B63-8E13-F945EAAA8044}.Release|x86.Build.0 = Release|Any CPU
	EndGlobalSection
	GlobalSection(SolutionProperties) = preSolution
		HideSolutionNode = FALSE
	EndGlobalSection
	GlobalSection(NestedProjects) = preSolution
		{57672113-2234-4D5C-89E8-2DDC18E2967A} = {C07DC29F-C5C2-4E4F-B09A-344603878496}
		{ECF8E1A8-3A1B-4E0E-AD17-EF7A0F4EE08D} = {EC57A89A-6F1E-47F1-8A2E-9A2D050C4F54}
		{D14B3AAC-18ED-4DB7-963A-935B444523F7} = {6CADE583-4352-4AF0-B9EC-1AC80BC3F766}
		{3AC45C59-4AD7-4417-9742-C10A9353CD05} = {C31A9595-117E-4235-9C83-4D3150E6BF27}
		{AE2836B5-338D-4C7D-B986-D6D42BFFF764} = {C31A9595-117E-4235-9C83-4D3150E6BF27}
		{E16C34AF-6E7C-4CD0-ADFF-5ACD9234B521} = {C31A9595-117E-4235-9C83-4D3150E6BF27}
		{3C1705D4-4137-48AB-A168-AF1F257D46DB} = {B9D3E35D-F4B8-4105-A5AA-A5CB17A1813F}
		{F9FE0A8E-3828-41A6-9EE5-A08C7727A102} = {B9D3E35D-F4B8-4105-A5AA-A5CB17A1813F}
		{F7F8A5FD-0048-4B63-8E13-F945EAAA8044} = {C31A9595-117E-4235-9C83-4D3150E6BF27}
	EndGlobalSection
	GlobalSection(ExtensibilityGlobals) = postSolution
		SolutionGuid = {36FFF91A-A169-4B4D-BD56-DA0FBD96A539}
	EndGlobalSection
EndGlobal
